
Microsoft Visual Studio Solution File, Format Version 12.00
# Visual Studio Version 17
VisualStudioVersion = 17.7.34003.232
MinimumVisualStudioVersion = 10.0.40219.1
Project("{8BC9CEB8-8B4A-11D0-8D11-00A0C91BC942}") = "tic-tac-toe", "tic-tac-toe.vcxproj", "{0075D8CF-2626-4278-9E13-1618CCE0AC0D}"
EndProject
Global
	GlobalSection(SolutionConfigurationPlatforms) = preSolution
		Debug|x64 = Debug|x64
		Debug|x86 = Debug|x86
		Release|x64 = Release|x64
		Release|x86 = Release|x86
	EndGlobalSection
	GlobalSection(ProjectConfigurationPlatforms) = postSolution
		{0075D8CF-2626-4278-9E13-1618CCE0AC0D}.Debug|x64.ActiveCfg = Debug|x64
		{0075D8CF-2626-4278-9E13-1618CCE0AC0D}.Debug|x64.Build.0 = Debug|x64
		{0075D8CF-2626-4278-9E13-1618CCE0AC0D}.Debug|x86.ActiveCfg = Debug|Win32
		{0075D8CF-2626-4278-9E13-1618CCE0AC0D}.Debug|x86.Build.0 = Debug|Win32
		{0075D8CF-2626-4278-9E13-1618CCE0AC0D}.Release|x64.ActiveCfg = Release|x64
		{0075D8CF-2626-4278-9E13-1618CCE0AC0D}.Release|x64.Build.0 = Release|x64
		{0075D8CF-2626-4278-9E13-1618CCE0AC0D}.Release|x86.ActiveCfg = Release|Win32
		{0075D8CF-2626-4278-9E13-1618CCE0AC0D}.Release|x86.Build.0 = Release|Win32
	EndGlobalSection
	GlobalSection(SolutionProperties) = preSolution
		HideSolutionNode = FALSE
	EndGlobalSection
	GlobalSection(ExtensibilityGlobals) = postSolution
		SolutionGuid = {1DF4073A-D9DC-4F6A-B0D1-307FA06D03AB}
	EndGlobalSection
EndGlobal
